# generated by rye
# use `rye lock` or `rye sync` to update this lockfile
#
# last locked with the following flags:
#   pre: false
#   features: []
#   all-features: false
#   with-sources: false

-e file:.
contourpy==1.2.1
    # via matplotlib
cycler==0.12.1
    # via matplotlib
deepdiff==7.0.1
    # via ds-oop
fonttools==4.51.0
    # via matplotlib
iniconfig==2.0.0
    # via pytest
joblib==1.4.0
    # via scikit-learn
kiwisolver==1.4.5
    # via matplotlib
matplotlib==3.8.4
    # via ds-oop
    # via seaborn
numpy==1.26.4
    # via contourpy
    # via ds-oop
    # via matplotlib
    # via pandas
    # via scikit-learn
    # via scipy
    # via seaborn
ordered-set==4.1.0
    # via deepdiff
packaging==24.0
    # via matplotlib
    # via pytest
pandas==2.2.2
    # via ds-oop
    # via seaborn
pillow==10.3.0
    # via matplotlib
pluggy==1.5.0
    # via pytest
pyparsing==3.1.2
    # via matplotlib
pytest==8.2.1
    # via ds-oop
python-dateutil==2.9.0.post0
    # via matplotlib
    # via pandas
pytz==2024.1
    # via pandas
scikit-learn==1.4.2
    # via ds-oop
scipy==1.13.0
    # via scikit-learn
seaborn==0.13.2
    # via ds-oop
six==1.16.0
    # via python-dateutil
threadpoolctl==3.4.0
    # via scikit-learn
tzdata==2024.1
    # via pandas
